
Microsoft Visual Studio Solution File, Format Version 12.00
# Visual Studio 14
VisualStudioVersion = 14.0.25420.1
MinimumVisualStudioVersion = 10.0.40219.1
Project("{FAE04EC0-301F-11D3-BF4B-00C04F79EFBC}") = "Mono Test", "Mono Test\Mono Test.csproj", "{35E9248D-D81E-4AD1-B61A-D162FEA457BD}"
EndProject
Project("{2150E333-8FDC-42A3-9474-1A3956D46DE8}") = "Solution Items", "Solution Items", "{AD4AA1FD-7C67-4CFA-9DC5-BFBE12A76B66}"
EndProject
Global
	GlobalSection(SolutionConfigurationPlatforms) = preSolution
		Debug|x86 = Debug|x86
		Release|x86 = Release|x86
	EndGlobalSection
	GlobalSection(ProjectConfigurationPlatforms) = postSolution
		{35E9248D-D81E-4AD1-B61A-D162FEA457BD}.Debug|x86.ActiveCfg = Debug|x86
		{35E9248D-D81E-4AD1-B61A-D162FEA457BD}.Debug|x86.Build.0 = Debug|x86
		{35E9248D-D81E-4AD1-B61A-D162FEA457BD}.Release|x86.ActiveCfg = Release|x86
		{35E9248D-D81E-4AD1-B61A-D162FEA457BD}.Release|x86.Build.0 = Release|x86
	EndGlobalSection
	GlobalSection(SolutionProperties) = preSolution
		HideSolutionNode = FALSE
	EndGlobalSection
EndGlobal
